// !$*UTF8*$!
{
	archiveVersion = 1;
	classes = {
	};
	objectVersion = 46;
	objects = {

/* Begin PBXBuildFile section */
		5E1742341725E3DC00856712 /* UIKit.framework in Frameworks */ = {isa = PBXBuildFile; fileRef = 5E1742331725E3DC00856712 /* UIKit.framework */; };
		5E1742361725E3DC00856712 /* Foundation.framework in Frameworks */ = {isa = PBXBuildFile; fileRef = 5E1742351725E3DC00856712 /* Foundation.framework */; };
		5E1742381725E3DC00856712 /* CoreGraphics.framework in Frameworks */ = {isa = PBXBuildFile; fileRef = 5E1742371725E3DC00856712 /* CoreGraphics.framework */; };
		5E1742401725E3DC00856712 /* main.m in Sources */ = {isa = PBXBuildFile; fileRef = 5E17423F1725E3DC00856712 /* main.m */; };
		5E1742441725E3DC00856712 /* AppDelegate.m in Sources */ = {isa = PBXBuildFile; fileRef = 5E1742431725E3DC00856712 /* AppDelegate.m */; };
		5E1742461725E3DC00856712 /* Default.png in Resources */ = {isa = PBXBuildFile; fileRef = 5E1742451725E3DC00856712 /* Default.png */; };
		5E1742481725E3DC00856712 /* Default@2x.png in Resources */ = {isa = PBXBuildFile; fileRef = 5E1742471725E3DC00856712 /* Default@2x.png */; };
		5E17424A1725E3DC00856712 /* Default-568h@2x.png in Resources */ = {isa = PBXBuildFile; fileRef = 5E1742491725E3DC00856712 /* Default-568h@2x.png */; };
		5E17425B1725E3DC00856712 /* SenTestingKit.framework in Frameworks */ = {isa = PBXBuildFile; fileRef = 5E17425A1725E3DC00856712 /* SenTestingKit.framework */; };
		5E17425C1725E3DC00856712 /* UIKit.framework in Frameworks */ = {isa = PBXBuildFile; fileRef = 5E1742331725E3DC00856712 /* UIKit.framework */; };
		5E17425D1725E3DC00856712 /* Foundation.framework in Frameworks */ = {isa = PBXBuildFile; fileRef = 5E1742351725E3DC00856712 /* Foundation.framework */; };
		5E1742651725E3DC00856712 /* InfoPlist.strings in Resources */ = {isa = PBXBuildFile; fileRef = 5E1742631725E3DC00856712 /* InfoPlist.strings */; };
		5E1742681725E3DC00856712 /* PolyPlusTests.m in Sources */ = {isa = PBXBuildFile; fileRef = 5E1742671725E3DC00856712 /* PolyPlusTests.m */; };
		5E1742861725E49000856712 /* Candidature.m in Sources */ = {isa = PBXBuildFile; fileRef = 5E1742731725E49000856712 /* Candidature.m */; };
		5E1742871725E49000856712 /* CandidatureDetaillee.m in Sources */ = {isa = PBXBuildFile; fileRef = 5E1742751725E49000856712 /* CandidatureDetaillee.m */; };
		5E1742881725E49000856712 /* Contact.m in Sources */ = {isa = PBXBuildFile; fileRef = 5E1742771725E49000856712 /* Contact.m */; };
		5E1742891725E49000856712 /* Entreprise.m in Sources */ = {isa = PBXBuildFile; fileRef = 5E1742791725E49000856712 /* Entreprise.m */; };
		5E17428A1725E49000856712 /* EntrepriseDetaillee.m in Sources */ = {isa = PBXBuildFile; fileRef = 5E17427B1725E49000856712 /* EntrepriseDetaillee.m */; };
		5E17428B1725E49000856712 /* Login.m in Sources */ = {isa = PBXBuildFile; fileRef = 5E17427D1725E49000856712 /* Login.m */; };
		5E17428C1725E49000856712 /* Personne.m in Sources */ = {isa = PBXBuildFile; fileRef = 5E17427F1725E49000856712 /* Personne.m */; };
		5E17428D1725E49000856712 /* Stage.m in Sources */ = {isa = PBXBuildFile; fileRef = 5E1742811725E49000856712 /* Stage.m */; };
		5E17428E1725E49000856712 /* StageDetaille.m in Sources */ = {isa = PBXBuildFile; fileRef = 5E1742831725E49000856712 /* StageDetaille.m */; };
		5E17428F1725E49000856712 /* WebService.m in Sources */ = {isa = PBXBuildFile; fileRef = 5E1742851725E49000856712 /* WebService.m */; };
		5ECB099E1732F2CC0041092B /* MainStoryboard_iPad.storyboard in Resources */ = {isa = PBXBuildFile; fileRef = 5E17424E1725E3DC00856712 /* MainStoryboard_iPad.storyboard */; };
		5ECB099F1732F2D00041092B /* MainStoryboard_iPhone.storyboard in Resources */ = {isa = PBXBuildFile; fileRef = 5E17424B1725E3DC00856712 /* MainStoryboard_iPhone.storyboard */; };
		5ECB09A11732F2E40041092B /* InfoPlist.strings in Resources */ = {isa = PBXBuildFile; fileRef = 5E1742631725E3DC00856712 /* InfoPlist.strings */; };
/* End PBXBuildFile section */

/* Begin PBXContainerItemProxy section */
		5E17425E1725E3DC00856712 /* PBXContainerItemProxy */ = {
			isa = PBXContainerItemProxy;
			containerPortal = 5E1742281725E3DC00856712 /* Project object */;
			proxyType = 1;
			remoteGlobalIDString = 5E17422F1725E3DC00856712;
			remoteInfo = PolyPlus;
		};
/* End PBXContainerItemProxy section */

/* Begin PBXFileReference section */
		5E1742301725E3DC00856712 /* PolyPlus.app */ = {isa = PBXFileReference; explicitFileType = wrapper.application; includeInIndex = 0; path = PolyPlus.app; sourceTree = BUILT_PRODUCTS_DIR; };
		5E1742331725E3DC00856712 /* UIKit.framework */ = {isa = PBXFileReference; lastKnownFileType = wrapper.framework; name = UIKit.framework; path = System/Library/Frameworks/UIKit.framework; sourceTree = SDKROOT; };
		5E1742351725E3DC00856712 /* Foundation.framework */ = {isa = PBXFileReference; lastKnownFileType = wrapper.framework; name = Foundation.framework; path = System/Library/Frameworks/Foundation.framework; sourceTree = SDKROOT; };
		5E1742371725E3DC00856712 /* CoreGraphics.framework */ = {isa = PBXFileReference; lastKnownFileType = wrapper.framework; name = CoreGraphics.framework; path = System/Library/Frameworks/CoreGraphics.framework; sourceTree = SDKROOT; };
		5E17423B1725E3DC00856712 /* PolyPlus-Info.plist */ = {isa = PBXFileReference; lastKnownFileType = text.plist.xml; path = "PolyPlus-Info.plist"; sourceTree = "<group>"; };
		5E17423F1725E3DC00856712 /* main.m */ = {isa = PBXFileReference; lastKnownFileType = sourcecode.c.objc; path = main.m; sourceTree = "<group>"; };
		5E1742411725E3DC00856712 /* PolyPlus-Prefix.pch */ = {isa = PBXFileReference; lastKnownFileType = sourcecode.c.h; path = "PolyPlus-Prefix.pch"; sourceTree = "<group>"; };
		5E1742421725E3DC00856712 /* AppDelegate.h */ = {isa = PBXFileReference; lastKnownFileType = sourcecode.c.h; path = AppDelegate.h; sourceTree = "<group>"; };
		5E1742431725E3DC00856712 /* AppDelegate.m */ = {isa = PBXFileReference; lastKnownFileType = sourcecode.c.objc; path = AppDelegate.m; sourceTree = "<group>"; };
		5E1742451725E3DC00856712 /* Default.png */ = {isa = PBXFileReference; lastKnownFileType = image.png; path = Default.png; sourceTree = "<group>"; };
		5E1742471725E3DC00856712 /* Default@2x.png */ = {isa = PBXFileReference; lastKnownFileType = image.png; path = "Default@2x.png"; sourceTree = "<group>"; };
		5E1742491725E3DC00856712 /* Default-568h@2x.png */ = {isa = PBXFileReference; lastKnownFileType = image.png; path = "Default-568h@2x.png"; sourceTree = "<group>"; };
		5E1742591725E3DC00856712 /* PolyPlusTests.octest */ = {isa = PBXFileReference; explicitFileType = wrapper.cfbundle; includeInIndex = 0; path = PolyPlusTests.octest; sourceTree = BUILT_PRODUCTS_DIR; };
		5E17425A1725E3DC00856712 /* SenTestingKit.framework */ = {isa = PBXFileReference; lastKnownFileType = wrapper.framework; name = SenTestingKit.framework; path = Library/Frameworks/SenTestingKit.framework; sourceTree = DEVELOPER_DIR; };
		5E1742621725E3DC00856712 /* PolyPlusTests-Info.plist */ = {isa = PBXFileReference; lastKnownFileType = text.plist.xml; path = "PolyPlusTests-Info.plist"; sourceTree = "<group>"; };
		5E1742661725E3DC00856712 /* PolyPlusTests.h */ = {isa = PBXFileReference; lastKnownFileType = sourcecode.c.h; path = PolyPlusTests.h; sourceTree = "<group>"; };
		5E1742671725E3DC00856712 /* PolyPlusTests.m */ = {isa = PBXFileReference; lastKnownFileType = sourcecode.c.objc; path = PolyPlusTests.m; sourceTree = "<group>"; };
		5E1742721725E49000856712 /* Candidature.h */ = {isa = PBXFileReference; fileEncoding = 4; lastKnownFileType = sourcecode.c.h; path = Candidature.h; sourceTree = "<group>"; };
		5E1742731725E49000856712 /* Candidature.m */ = {isa = PBXFileReference; fileEncoding = 4; lastKnownFileType = sourcecode.c.objc; path = Candidature.m; sourceTree = "<group>"; };
		5E1742741725E49000856712 /* CandidatureDetaillee.h */ = {isa = PBXFileReference; fileEncoding = 4; lastKnownFileType = sourcecode.c.h; path = CandidatureDetaillee.h; sourceTree = "<group>"; };
		5E1742751725E49000856712 /* CandidatureDetaillee.m */ = {isa = PBXFileReference; fileEncoding = 4; lastKnownFileType = sourcecode.c.objc; path = CandidatureDetaillee.m; sourceTree = "<group>"; };
		5E1742761725E49000856712 /* Contact.h */ = {isa = PBXFileReference; fileEncoding = 4; lastKnownFileType = sourcecode.c.h; path = Contact.h; sourceTree = "<group>"; };
		5E1742771725E49000856712 /* Contact.m */ = {isa = PBXFileReference; fileEncoding = 4; lastKnownFileType = sourcecode.c.objc; path = Contact.m; sourceTree = "<group>"; };
		5E1742781725E49000856712 /* Entreprise.h */ = {isa = PBXFileReference; fileEncoding = 4; lastKnownFileType = sourcecode.c.h; path = Entreprise.h; sourceTree = "<group>"; };
		5E1742791725E49000856712 /* Entreprise.m */ = {isa = PBXFileReference; fileEncoding = 4; lastKnownFileType = sourcecode.c.objc; path = Entreprise.m; sourceTree = "<group>"; };
		5E17427A1725E49000856712 /* EntrepriseDetaillee.h */ = {isa = PBXFileReference; fileEncoding = 4; lastKnownFileType = sourcecode.c.h; path = EntrepriseDetaillee.h; sourceTree = "<group>"; };
		5E17427B1725E49000856712 /* EntrepriseDetaillee.m */ = {isa = PBXFileReference; fileEncoding = 4; lastKnownFileType = sourcecode.c.objc; path = EntrepriseDetaillee.m; sourceTree = "<group>"; };
		5E17427C1725E49000856712 /* Login.h */ = {isa = PBXFileReference; fileEncoding = 4; lastKnownFileType = sourcecode.c.h; path = Login.h; sourceTree = "<group>"; };
		5E17427D1725E49000856712 /* Login.m */ = {isa = PBXFileReference; fileEncoding = 4; lastKnownFileType = sourcecode.c.objc; path = Login.m; sourceTree = "<group>"; };
		5E17427E1725E49000856712 /* Personne.h */ = {isa = PBXFileReference; fileEncoding = 4; lastKnownFileType = sourcecode.c.h; path = Personne.h; sourceTree = "<group>"; };
		5E17427F1725E49000856712 /* Personne.m */ = {isa = PBXFileReference; fileEncoding = 4; lastKnownFileType = sourcecode.c.objc; path = Personne.m; sourceTree = "<group>"; };
		5E1742801725E49000856712 /* Stage.h */ = {isa = PBXFileReference; fileEncoding = 4; lastKnownFileType = sourcecode.c.h; path = Stage.h; sourceTree = "<group>"; };
		5E1742811725E49000856712 /* Stage.m */ = {isa = PBXFileReference; fileEncoding = 4; lastKnownFileType = sourcecode.c.objc; path = Stage.m; sourceTree = "<group>"; };
		5E1742821725E49000856712 /* StageDetaille.h */ = {isa = PBXFileReference; fileEncoding = 4; lastKnownFileType = sourcecode.c.h; path = StageDetaille.h; sourceTree = "<group>"; };
		5E1742831725E49000856712 /* StageDetaille.m */ = {isa = PBXFileReference; fileEncoding = 4; lastKnownFileType = sourcecode.c.objc; path = StageDetaille.m; sourceTree = "<group>"; };
		5E1742841725E49000856712 /* WebService.h */ = {isa = PBXFileReference; fileEncoding = 4; lastKnownFileType = sourcecode.c.h; path = WebService.h; sourceTree = "<group>"; };
		5E1742851725E49000856712 /* WebService.m */ = {isa = PBXFileReference; fileEncoding = 4; lastKnownFileType = sourcecode.c.objc; path = WebService.m; sourceTree = "<group>"; };
		5E1742931725FFFD00856712 /* fr */ = {isa = PBXFileReference; lastKnownFileType = file.storyboard; name = fr; path = fr.lproj/MainStoryboard_iPhone.storyboard; sourceTree = "<group>"; };
		5E1742941725FFFD00856712 /* fr */ = {isa = PBXFileReference; lastKnownFileType = file.storyboard; name = fr; path = fr.lproj/MainStoryboard_iPad.storyboard; sourceTree = "<group>"; };
		5E1742951725FFFD00856712 /* fr */ = {isa = PBXFileReference; lastKnownFileType = text.plist.strings; name = fr; path = fr.lproj/InfoPlist.strings; sourceTree = "<group>"; };
		5E1742961725FFFD00856712 /* fr */ = {isa = PBXFileReference; lastKnownFileType = text.plist.strings; name = fr; path = fr.lproj/InfoPlist.strings; sourceTree = "<group>"; };
/* End PBXFileReference section */

/* Begin PBXFrameworksBuildPhase section */
		5E17422D1725E3DC00856712 /* Frameworks */ = {
			isa = PBXFrameworksBuildPhase;
			buildActionMask = 2147483647;
			files = (
				5E1742341725E3DC00856712 /* UIKit.framework in Frameworks */,
				5E1742361725E3DC00856712 /* Foundation.framework in Frameworks */,
				5E1742381725E3DC00856712 /* CoreGraphics.framework in Frameworks */,
			);
			runOnlyForDeploymentPostprocessing = 0;
		};
		5E1742551725E3DC00856712 /* Frameworks */ = {
			isa = PBXFrameworksBuildPhase;
			buildActionMask = 2147483647;
			files = (
				5E17425B1725E3DC00856712 /* SenTestingKit.framework in Frameworks */,
				5E17425C1725E3DC00856712 /* UIKit.framework in Frameworks */,
				5E17425D1725E3DC00856712 /* Foundation.framework in Frameworks */,
			);
			runOnlyForDeploymentPostprocessing = 0;
		};
/* End PBXFrameworksBuildPhase section */

/* Begin PBXGroup section */
		5E1742271725E3DC00856712 = {
			isa = PBXGroup;
			children = (
				5E1742391725E3DC00856712 /* PolyPlus */,
				5E1742601725E3DC00856712 /* PolyPlusTests */,
				5E1742321725E3DC00856712 /* Frameworks */,
				5E1742311725E3DC00856712 /* Products */,
			);
			sourceTree = "<group>";
		};
		5E1742311725E3DC00856712 /* Products */ = {
			isa = PBXGroup;
			children = (
				5E1742301725E3DC00856712 /* PolyPlus.app */,
				5E1742591725E3DC00856712 /* PolyPlusTests.octest */,
			);
			name = Products;
			sourceTree = "<group>";
		};
		5E1742321725E3DC00856712 /* Frameworks */ = {
			isa = PBXGroup;
			children = (
				5E1742331725E3DC00856712 /* UIKit.framework */,
				5E1742351725E3DC00856712 /* Foundation.framework */,
				5E1742371725E3DC00856712 /* CoreGraphics.framework */,
				5E17425A1725E3DC00856712 /* SenTestingKit.framework */,
			);
			name = Frameworks;
			sourceTree = "<group>";
		};
		5E1742391725E3DC00856712 /* PolyPlus */ = {
			isa = PBXGroup;
			children = (
				5E1742421725E3DC00856712 /* AppDelegate.h */,
				5E1742431725E3DC00856712 /* AppDelegate.m */,
				5E17424B1725E3DC00856712 /* MainStoryboard_iPhone.storyboard */,
				5E17424E1725E3DC00856712 /* MainStoryboard_iPad.storyboard */,
				5E3248F81732BD7600BD7430 /* controller */,
				5E1742711725E49000856712 /* model */,
				5E17423A1725E3DC00856712 /* Supporting Files */,
			);
			path = PolyPlus;
			sourceTree = "<group>";
		};
		5E17423A1725E3DC00856712 /* Supporting Files */ = {
			isa = PBXGroup;
			children = (
				5E17423B1725E3DC00856712 /* PolyPlus-Info.plist */,
				5E17423C1725E3DC00856712 /* InfoPlist.strings */,
				5E17423F1725E3DC00856712 /* main.m */,
				5E1742411725E3DC00856712 /* PolyPlus-Prefix.pch */,
				5E1742451725E3DC00856712 /* Default.png */,
				5E1742471725E3DC00856712 /* Default@2x.png */,
				5E1742491725E3DC00856712 /* Default-568h@2x.png */,
			);
			name = "Supporting Files";
			sourceTree = "<group>";
		};
		5E1742601725E3DC00856712 /* PolyPlusTests */ = {
			isa = PBXGroup;
			children = (
				5E1742661725E3DC00856712 /* PolyPlusTests.h */,
				5E1742671725E3DC00856712 /* PolyPlusTests.m */,
				5E1742611725E3DC00856712 /* Supporting Files */,
			);
			path = PolyPlusTests;
			sourceTree = "<group>";
		};
		5E1742611725E3DC00856712 /* Supporting Files */ = {
			isa = PBXGroup;
			children = (
				5E1742621725E3DC00856712 /* PolyPlusTests-Info.plist */,
				5E1742631725E3DC00856712 /* InfoPlist.strings */,
			);
			name = "Supporting Files";
			sourceTree = "<group>";
		};
		5E1742711725E49000856712 /* model */ = {
			isa = PBXGroup;
			children = (
				5E17427C1725E49000856712 /* Login.h */,
				5E17427D1725E49000856712 /* Login.m */,
				5E1742781725E49000856712 /* Entreprise.h */,
				5E1742791725E49000856712 /* Entreprise.m */,
				5E17427A1725E49000856712 /* EntrepriseDetaillee.h */,
				5E17427B1725E49000856712 /* EntrepriseDetaillee.m */,
				5E17427E1725E49000856712 /* Personne.h */,
				5E17427F1725E49000856712 /* Personne.m */,
				5E1742761725E49000856712 /* Contact.h */,
				5E1742771725E49000856712 /* Contact.m */,
				5E1742721725E49000856712 /* Candidature.h */,
				5E1742731725E49000856712 /* Candidature.m */,
				5E1742741725E49000856712 /* CandidatureDetaillee.h */,
				5E1742751725E49000856712 /* CandidatureDetaillee.m */,
				5E1742801725E49000856712 /* Stage.h */,
				5E1742811725E49000856712 /* Stage.m */,
				5E1742821725E49000856712 /* StageDetaille.h */,
				5E1742831725E49000856712 /* StageDetaille.m */,
				5E1742841725E49000856712 /* WebService.h */,
				5E1742851725E49000856712 /* WebService.m */,
			);
			path = model;
			sourceTree = "<group>";
		};
		5E3248F81732BD7600BD7430 /* controller */ = {
			isa = PBXGroup;
			children = (
			);
			name = controller;
			sourceTree = "<group>";
		};
/* End PBXGroup section */

/* Begin PBXNativeTarget section */
		5E17422F1725E3DC00856712 /* PolyPlus */ = {
			isa = PBXNativeTarget;
			buildConfigurationList = 5E17426B1725E3DC00856712 /* Build configuration list for PBXNativeTarget "PolyPlus" */;
			buildPhases = (
				5E17422C1725E3DC00856712 /* Sources */,
				5E17422D1725E3DC00856712 /* Frameworks */,
				5E17422E1725E3DC00856712 /* Resources */,
			);
			buildRules = (
			);
			dependencies = (
			);
			name = PolyPlus;
			productName = PolyPlus;
			productReference = 5E1742301725E3DC00856712 /* PolyPlus.app */;
			productType = "com.apple.product-type.application";
		};
		5E1742581725E3DC00856712 /* PolyPlusTests */ = {
			isa = PBXNativeTarget;
			buildConfigurationList = 5E17426E1725E3DC00856712 /* Build configuration list for PBXNativeTarget "PolyPlusTests" */;
			buildPhases = (
				5E1742541725E3DC00856712 /* Sources */,
				5E1742551725E3DC00856712 /* Frameworks */,
				5E1742561725E3DC00856712 /* Resources */,
				5E1742571725E3DC00856712 /* ShellScript */,
			);
			buildRules = (
			);
			dependencies = (
				5E17425F1725E3DC00856712 /* PBXTargetDependency */,
			);
			name = PolyPlusTests;
			productName = PolyPlusTests;
			productReference = 5E1742591725E3DC00856712 /* PolyPlusTests.octest */;
			productType = "com.apple.product-type.bundle";
		};
/* End PBXNativeTarget section */

/* Begin PBXProject section */
		5E1742281725E3DC00856712 /* Project object */ = {
			isa = PBXProject;
			attributes = {
				LastUpgradeCheck = 0460;
				ORGANIZATIONNAME = "Alexis Debourdieu";
			};
			buildConfigurationList = 5E17422B1725E3DC00856712 /* Build configuration list for PBXProject "PolyPlus" */;
			compatibilityVersion = "Xcode 3.2";
			developmentRegion = English;
			hasScannedForEncodings = 0;
			knownRegions = (
				en,
				fr,
			);
			mainGroup = 5E1742271725E3DC00856712;
			productRefGroup = 5E1742311725E3DC00856712 /* Products */;
			projectDirPath = "";
			projectRoot = "";
			targets = (
				5E17422F1725E3DC00856712 /* PolyPlus */,
				5E1742581725E3DC00856712 /* PolyPlusTests */,
			);
		};
/* End PBXProject section */

/* Begin PBXResourcesBuildPhase section */
		5E17422E1725E3DC00856712 /* Resources */ = {
			isa = PBXResourcesBuildPhase;
			buildActionMask = 2147483647;
			files = (
				5ECB09A11732F2E40041092B /* InfoPlist.strings in Resources */,
				5ECB099F1732F2D00041092B /* MainStoryboard_iPhone.storyboard in Resources */,
				5ECB099E1732F2CC0041092B /* MainStoryboard_iPad.storyboard in Resources */,
				5E1742461725E3DC00856712 /* Default.png in Resources */,
				5E1742481725E3DC00856712 /* Default@2x.png in Resources */,
				5E17424A1725E3DC00856712 /* Default-568h@2x.png in Resources */,
			);
			runOnlyForDeploymentPostprocessing = 0;
		};
		5E1742561725E3DC00856712 /* Resources */ = {
			isa = PBXResourcesBuildPhase;
			buildActionMask = 2147483647;
			files = (
				5E1742651725E3DC00856712 /* InfoPlist.strings in Resources */,
			);
			runOnlyForDeploymentPostprocessing = 0;
		};
/* End PBXResourcesBuildPhase section */

/* Begin PBXShellScriptBuildPhase section */
		5E1742571725E3DC00856712 /* ShellScript */ = {
			isa = PBXShellScriptBuildPhase;
			buildActionMask = 2147483647;
			files = (
			);
			inputPaths = (
			);
			outputPaths = (
			);
			runOnlyForDeploymentPostprocessing = 0;
			shellPath = /bin/sh;
			shellScript = "# Run the unit tests in this test bundle.\n\"${SYSTEM_DEVELOPER_DIR}/Tools/RunUnitTests\"\n";
		};
/* End PBXShellScriptBuildPhase section */

/* Begin PBXSourcesBuildPhase section */
		5E17422C1725E3DC00856712 /* Sources */ = {
			isa = PBXSourcesBuildPhase;
			buildActionMask = 2147483647;
			files = (
				5E1742401725E3DC00856712 /* main.m in Sources */,
				5E1742441725E3DC00856712 /* AppDelegate.m in Sources */,
				5E1742861725E49000856712 /* Candidature.m in Sources */,
				5E1742871725E49000856712 /* CandidatureDetaillee.m in Sources */,
				5E1742881725E49000856712 /* Contact.m in Sources */,
				5E1742891725E49000856712 /* Entreprise.m in Sources */,
				5E17428A1725E49000856712 /* EntrepriseDetaillee.m in Sources */,
				5E17428B1725E49000856712 /* Login.m in Sources */,
				5E17428C1725E49000856712 /* Personne.m in Sources */,
				5E17428D1725E49000856712 /* Stage.m in Sources */,
				5E17428E1725E49000856712 /* StageDetaille.m in Sources */,
				5E17428F1725E49000856712 /* WebService.m in Sources */,
			);
			runOnlyForDeploymentPostprocessing = 0;
		};
		5E1742541725E3DC00856712 /* Sources */ = {
			isa = PBXSourcesBuildPhase;
			buildActionMask = 2147483647;
			files = (
				5E1742681725E3DC00856712 /* PolyPlusTests.m in Sources */,
			);
			runOnlyForDeploymentPostprocessing = 0;
		};
/* End PBXSourcesBuildPhase section */

/* Begin PBXTargetDependency section */
		5E17425F1725E3DC00856712 /* PBXTargetDependency */ = {
			isa = PBXTargetDependency;
			target = 5E17422F1725E3DC00856712 /* PolyPlus */;
			targetProxy = 5E17425E1725E3DC00856712 /* PBXContainerItemProxy */;
		};
/* End PBXTargetDependency section */

/* Begin PBXVariantGroup section */
		5E17423C1725E3DC00856712 /* InfoPlist.strings */ = {
			isa = PBXVariantGroup;
			children = (
				5E1742951725FFFD00856712 /* fr */,
			);
			name = InfoPlist.strings;
			sourceTree = "<group>";
		};
		5E17424B1725E3DC00856712 /* MainStoryboard_iPhone.storyboard */ = {
			isa = PBXVariantGroup;
			children = (
				5E1742931725FFFD00856712 /* fr */,
			);
			name = MainStoryboard_iPhone.storyboard;
			sourceTree = "<group>";
		};
		5E17424E1725E3DC00856712 /* MainStoryboard_iPad.storyboard */ = {
			isa = PBXVariantGroup;
			children = (
				5E1742941725FFFD00856712 /* fr */,
			);
			name = MainStoryboard_iPad.storyboard;
			sourceTree = "<group>";
		};
		5E1742631725E3DC00856712 /* InfoPlist.strings */ = {
			isa = PBXVariantGroup;
			children = (
				5E1742961725FFFD00856712 /* fr */,
			);
			name = InfoPlist.strings;
			sourceTree = "<group>";
		};
/* End PBXVariantGroup section */

/* Begin XCBuildConfiguration section */
		5E1742691725E3DC00856712 /* Debug */ = {
			isa = XCBuildConfiguration;
			buildSettings = {
				ALWAYS_SEARCH_USER_PATHS = NO;
				CLANG_CXX_LANGUAGE_STANDARD = "gnu++0x";
				CLANG_CXX_LIBRARY = "libc++";
				CLANG_ENABLE_OBJC_ARC = YES;
				CLANG_WARN_CONSTANT_CONVERSION = YES;
				CLANG_WARN_EMPTY_BODY = YES;
				CLANG_WARN_ENUM_CONVERSION = YES;
				CLANG_WARN_INT_CONVERSION = YES;
				CLANG_WARN__DUPLICATE_METHOD_MATCH = YES;
				"CODE_SIGN_IDENTITY[sdk=iphoneos*]" = "iPhone Developer";
				COPY_PHASE_STRIP = NO;
				GCC_C_LANGUAGE_STANDARD = gnu99;
				GCC_DYNAMIC_NO_PIC = NO;
				GCC_OPTIMIZATION_LEVEL = 0;
				GCC_PREPROCESSOR_DEFINITIONS = (
					"DEBUG=1",
					"$(inherited)",
				);
				GCC_SYMBOLS_PRIVATE_EXTERN = NO;
				GCC_WARN_ABOUT_RETURN_TYPE = YES;
				GCC_WARN_UNINITIALIZED_AUTOS = YES;
				GCC_WARN_UNUSED_VARIABLE = YES;
				IPHONEOS_DEPLOYMENT_TARGET = 6.1;
				ONLY_ACTIVE_ARCH = YES;
				SDKROOT = iphoneos;
				TARGETED_DEVICE_FAMILY = "1,2";
			};
			name = Debug;
		};
		5E17426A1725E3DC00856712 /* Release */ = {
			isa = XCBuildConfiguration;
			buildSettings = {
				ALWAYS_SEARCH_USER_PATHS = NO;
				CLANG_CXX_LANGUAGE_STANDARD = "gnu++0x";
				CLANG_CXX_LIBRARY = "libc++";
				CLANG_ENABLE_OBJC_ARC = YES;
				CLANG_WARN_CONSTANT_CONVERSION = YES;
				CLANG_WARN_EMPTY_BODY = YES;
				CLANG_WARN_ENUM_CONVERSION = YES;
				CLANG_WARN_INT_CONVERSION = YES;
				CLANG_WARN__DUPLICATE_METHOD_MATCH = YES;
				"CODE_SIGN_IDENTITY[sdk=iphoneos*]" = "iPhone Developer";
				COPY_PHASE_STRIP = YES;
				GCC_C_LANGUAGE_STANDARD = gnu99;
				GCC_WARN_ABOUT_RETURN_TYPE = YES;
				GCC_WARN_UNINITIALIZED_AUTOS = YES;
				GCC_WARN_UNUSED_VARIABLE = YES;
				IPHONEOS_DEPLOYMENT_TARGET = 6.1;
				OTHER_CFLAGS = "-DNS_BLOCK_ASSERTIONS=1";
				SDKROOT = iphoneos;
				TARGETED_DEVICE_FAMILY = "1,2";
				VALIDATE_PRODUCT = YES;
			};
			name = Release;
		};
		5E17426C1725E3DC00856712 /* Debug */ = {
			isa = XCBuildConfiguration;
			buildSettings = {
				GCC_PRECOMPILE_PREFIX_HEADER = YES;
				GCC_PREFIX_HEADER = "PolyPlus/PolyPlus-Prefix.pch";
				INFOPLIST_FILE = "PolyPlus/PolyPlus-Info.plist";
				PRODUCT_NAME = "$(TARGET_NAME)";
				WRAPPER_EXTENSION = app;
			};
			name = Debug;
		};
		5E17426D1725E3DC00856712 /* Release */ = {
			isa = XCBuildConfiguration;
			buildSettings = {
				GCC_PRECOMPILE_PREFIX_HEADER = YES;
				GCC_PREFIX_HEADER = "PolyPlus/PolyPlus-Prefix.pch";
				INFOPLIST_FILE = "PolyPlus/PolyPlus-Info.plist";
				PRODUCT_NAME = "$(TARGET_NAME)";
				WRAPPER_EXTENSION = app;
			};
			name = Release;
		};
		5E17426F1725E3DC00856712 /* Debug */ = {
			isa = XCBuildConfiguration;
			buildSettings = {
				BUNDLE_LOADER = "$(BUILT_PRODUCTS_DIR)/PolyPlus.app/PolyPlus";
				FRAMEWORK_SEARCH_PATHS = (
					"\"$(SDKROOT)/Developer/Library/Frameworks\"",
					"\"$(DEVELOPER_LIBRARY_DIR)/Frameworks\"",
				);
				GCC_PRECOMPILE_PREFIX_HEADER = YES;
				GCC_PREFIX_HEADER = "PolyPlus/PolyPlus-Prefix.pch";
				INFOPLIST_FILE = "PolyPlusTests/PolyPlusTests-Info.plist";
				PRODUCT_NAME = "$(TARGET_NAME)";
				TEST_HOST = "$(BUNDLE_LOADER)";
				WRAPPER_EXTENSION = octest;
			};
			name = Debug;
		};
		5E1742701725E3DC00856712 /* Release */ = {
			isa = XCBuildConfiguration;
			buildSettings = {
				BUNDLE_LOADER = "$(BUILT_PRODUCTS_DIR)/PolyPlus.app/PolyPlus";
				FRAMEWORK_SEARCH_PATHS = (
					"\"$(SDKROOT)/Developer/Library/Frameworks\"",
					"\"$(DEVELOPER_LIBRARY_DIR)/Frameworks\"",
				);
				GCC_PRECOMPILE_PREFIX_HEADER = YES;
				GCC_PREFIX_HEADER = "PolyPlus/PolyPlus-Prefix.pch";
				INFOPLIST_FILE = "PolyPlusTests/PolyPlusTests-Info.plist";
				PRODUCT_NAME = "$(TARGET_NAME)";
				TEST_HOST = "$(BUNDLE_LOADER)";
				WRAPPER_EXTENSION = octest;
			};
			name = Release;
		};
/* End XCBuildConfiguration section */

/* Begin XCConfigurationList section */
		5E17422B1725E3DC00856712 /* Build configuration list for PBXProject "PolyPlus" */ = {
			isa = XCConfigurationList;
			buildConfigurations = (
				5E1742691725E3DC00856712 /* Debug */,
				5E17426A1725E3DC00856712 /* Release */,
			);
			defaultConfigurationIsVisible = 0;
			defaultConfigurationName = Release;
		};
		5E17426B1725E3DC00856712 /* Build configuration list for PBXNativeTarget "PolyPlus" */ = {
			isa = XCConfigurationList;
			buildConfigurations = (
				5E17426C1725E3DC00856712 /* Debug */,
				5E17426D1725E3DC00856712 /* Release */,
			);
			defaultConfigurationIsVisible = 0;
			defaultConfigurationName = Release;
		};
		5E17426E1725E3DC00856712 /* Build configuration list for PBXNativeTarget "PolyPlusTests" */ = {
			isa = XCConfigurationList;
			buildConfigurations = (
				5E17426F1725E3DC00856712 /* Debug */,
				5E1742701725E3DC00856712 /* Release */,
			);
			defaultConfigurationIsVisible = 0;
			defaultConfigurationName = Release;
		};
/* End XCConfigurationList section */
	};
	rootObject = 5E1742281725E3DC00856712 /* Project object */;
}
